
Microsoft Visual Studio Solution File, Format Version 12.00
# Visual Studio Version 17
VisualStudioVersion = 17.10.35027.167
MinimumVisualStudioVersion = 10.0.40219.1
Project("{FAE04EC0-301F-11D3-BF4B-00C04F79EFBC}") = "API-Productos", "API-Productos\API-Productos.csproj", "{71467260-867A-41CA-8258-3BEF43C8ADA8}"
EndProject
Global
	GlobalSection(SolutionConfigurationPlatforms) = preSolution
		Debug|Any CPU = Debug|Any CPU
		Release|Any CPU = Release|Any CPU
	EndGlobalSection
	GlobalSection(ProjectConfigurationPlatforms) = postSolution
		{71467260-867A-41CA-8258-3BEF43C8ADA8}.Debug|Any CPU.ActiveCfg = Debug|Any CPU
		{71467260-867A-41CA-8258-3BEF43C8ADA8}.Debug|Any CPU.Build.0 = Debug|Any CPU
		{71467260-867A-41CA-8258-3BEF43C8ADA8}.Release|Any CPU.ActiveCfg = Release|Any CPU
		{71467260-867A-41CA-8258-3BEF43C8ADA8}.Release|Any CPU.Build.0 = Release|Any CPU
	EndGlobalSection
	GlobalSection(SolutionProperties) = preSolution
		HideSolutionNode = FALSE
	EndGlobalSection
	GlobalSection(ExtensibilityGlobals) = postSolution
		SolutionGuid = {DFFD563E-308E-4345-BF58-BEAF00E83C31}
	EndGlobalSection
EndGlobal
